
Microsoft Visual Studio Solution File, Format Version 12.00
# Visual Studio Version 17
VisualStudioVersion = 17.8.34511.84
MinimumVisualStudioVersion = 10.0.40219.1
Project("{9A19103F-16F7-4668-BE54-9A1E7A4F7556}") = "LinkUp-Chat-App.Server", "LinkUp-Chat-App.Server\LinkUp-Chat-App.Server.csproj", "{8BD9137D-631E-4F8B-A33A-498548E617E1}"
EndProject
Project("{54A90642-561A-4BB1-A94E-469ADEE60C69}") = "linkup-chat-app.client", "linkup-chat-app.client\linkup-chat-app.client.esproj", "{881045AE-6895-4359-9BEB-EAB2707DDCBA}"
EndProject
Project("{FAE04EC0-301F-11D3-BF4B-00C04F79EFBC}") = "LinkUp-Chat-App.UnitTests", "UnitTests\LinkUp-Chat-App.UnitTests.csproj", "{4FCA0615-8A18-45F5-887C-EB660E2016EB}"
EndProject
Global
	GlobalSection(SolutionConfigurationPlatforms) = preSolution
		Debug|Any CPU = Debug|Any CPU
		Release|Any CPU = Release|Any CPU
	EndGlobalSection
	GlobalSection(ProjectConfigurationPlatforms) = postSolution
		{8BD9137D-631E-4F8B-A33A-498548E617E1}.Debug|Any CPU.ActiveCfg = Debug|Any CPU
		{8BD9137D-631E-4F8B-A33A-498548E617E1}.Debug|Any CPU.Build.0 = Debug|Any CPU
		{8BD9137D-631E-4F8B-A33A-498548E617E1}.Release|Any CPU.ActiveCfg = Release|Any CPU
		{8BD9137D-631E-4F8B-A33A-498548E617E1}.Release|Any CPU.Build.0 = Release|Any CPU
		{881045AE-6895-4359-9BEB-EAB2707DDCBA}.Debug|Any CPU.ActiveCfg = Debug|Any CPU
		{881045AE-6895-4359-9BEB-EAB2707DDCBA}.Debug|Any CPU.Build.0 = Debug|Any CPU
		{881045AE-6895-4359-9BEB-EAB2707DDCBA}.Debug|Any CPU.Deploy.0 = Debug|Any CPU
		{881045AE-6895-4359-9BEB-EAB2707DDCBA}.Release|Any CPU.ActiveCfg = Release|Any CPU
		{881045AE-6895-4359-9BEB-EAB2707DDCBA}.Release|Any CPU.Build.0 = Release|Any CPU
		{881045AE-6895-4359-9BEB-EAB2707DDCBA}.Release|Any CPU.Deploy.0 = Release|Any CPU
		{4FCA0615-8A18-45F5-887C-EB660E2016EB}.Debug|Any CPU.ActiveCfg = Debug|Any CPU
		{4FCA0615-8A18-45F5-887C-EB660E2016EB}.Debug|Any CPU.Build.0 = Debug|Any CPU
		{4FCA0615-8A18-45F5-887C-EB660E2016EB}.Release|Any CPU.ActiveCfg = Release|Any CPU
		{4FCA0615-8A18-45F5-887C-EB660E2016EB}.Release|Any CPU.Build.0 = Release|Any CPU
	EndGlobalSection
	GlobalSection(SolutionProperties) = preSolution
		HideSolutionNode = FALSE
	EndGlobalSection
	GlobalSection(ExtensibilityGlobals) = postSolution
		SolutionGuid = {B98335BD-739B-4ED8-BDC8-0A503FFB7D73}
	EndGlobalSection
EndGlobal
